version = 1
requires-python = "==3.12.*"

[[package]]
name = "amqp"
version = "5.2.0"
source = { registry = "https://pypi.org/simple" }
dependencies = [
    { name = "vine" },
]
sdist = { url = "https://files.pythonhosted.org/packages/32/2c/6eb09fbdeb3c060b37bd33f8873832897a83e7a428afe01aad333fc405ec/amqp-5.2.0.tar.gz", hash = "sha256:a1ecff425ad063ad42a486c902807d1482311481c8ad95a72694b2975e75f7fd", size = 128754 }
wheels = [
    { url = "https://files.pythonhosted.org/packages/b3/f0/8e5be5d5e0653d9e1d02b1144efa33ff7d2963dfad07049e02c0fa9b2e8d/amqp-5.2.0-py3-none-any.whl", hash = "sha256:827cb12fb0baa892aad844fd95258143bce4027fdac4fccddbc43330fd281637", size = 50917 },
]

[[package]]
name = "aniso8601"
version = "9.0.1"
source = { registry = "https://pypi.org/simple" }
sdist = { url = "https://files.pythonhosted.org/packages/cb/72/be3db445b03944bfbb2b02b82d00cb2a2bcf96275c4543f14bf60fa79e12/aniso8601-9.0.1.tar.gz", hash = "sha256:72e3117667eedf66951bb2d93f4296a56b94b078a8a95905a052611fb3f1b973", size = 47345 }
wheels = [
    { url = "https://files.pythonhosted.org/packages/e3/04/e97c12dc034791d7b504860acfcdd2963fa21ae61eaca1c9d31245f812c3/aniso8601-9.0.1-py2.py3-none-any.whl", hash = "sha256:1d2b7ef82963909e93c4f24ce48d4de9e66009a21bf1c1e1c85bdd0812fe412f", size = 52754 },
]

[[package]]
name = "asgiref"
version = "3.8.1"
source = { registry = "https://pypi.org/simple" }
sdist = { url = "https://files.pythonhosted.org/packages/29/38/b3395cc9ad1b56d2ddac9970bc8f4141312dbaec28bc7c218b0dfafd0f42/asgiref-3.8.1.tar.gz", hash = "sha256:c343bd80a0bec947a9860adb4c432ffa7db769836c64238fc34bdc3fec84d590", size = 35186 }
wheels = [
    { url = "https://files.pythonhosted.org/packages/39/e3/893e8757be2612e6c266d9bb58ad2e3651524b5b40cf56761e985a28b13e/asgiref-3.8.1-py3-none-any.whl", hash = "sha256:3e1e3ecc849832fe52ccf2cb6686b7a55f82bb1d6aee72a58826471390335e47", size = 23828 },
]

[[package]]
name = "billiard"
version = "4.2.1"
source = { registry = "https://pypi.org/simple" }
sdist = { url = "https://files.pythonhosted.org/packages/7c/58/1546c970afcd2a2428b1bfafecf2371d8951cc34b46701bea73f4280989e/billiard-4.2.1.tar.gz", hash = "sha256:12b641b0c539073fc8d3f5b8b7be998956665c4233c7c1fcd66a7e677c4fb36f", size = 155031 }
wheels = [
    { url = "https://files.pythonhosted.org/packages/30/da/43b15f28fe5f9e027b41c539abc5469052e9d48fd75f8ff094ba2a0ae767/billiard-4.2.1-py3-none-any.whl", hash = "sha256:40b59a4ac8806ba2c2369ea98d876bc6108b051c227baffd928c644d15d8f3cb", size = 86766 },
]

[[package]]
name = "celery"
version = "5.4.0"
source = { registry = "https://pypi.org/simple" }
dependencies = [
    { name = "billiard" },
    { name = "click" },
    { name = "click-didyoumean" },
    { name = "click-plugins" },
    { name = "click-repl" },
    { name = "kombu" },
    { name = "python-dateutil" },
    { name = "tzdata" },
    { name = "vine" },
]
sdist = { url = "https://files.pythonhosted.org/packages/8a/9c/cf0bce2cc1c8971bf56629d8f180e4ca35612c7e79e6e432e785261a8be4/celery-5.4.0.tar.gz", hash = "sha256:504a19140e8d3029d5acad88330c541d4c3f64c789d85f94756762d8bca7e706", size = 1575692 }
wheels = [
    { url = "https://files.pythonhosted.org/packages/90/c4/6a4d3772e5407622feb93dd25c86ce3c0fee746fa822a777a627d56b4f2a/celery-5.4.0-py3-none-any.whl", hash = "sha256:369631eb580cf8c51a82721ec538684994f8277637edde2dfc0dacd73ed97f64", size = 425983 },
]

[[package]]
name = "click"
version = "8.1.7"
source = { registry = "https://pypi.org/simple" }
dependencies = [
    { name = "colorama", marker = "platform_system == 'Windows'" },
]
sdist = { url = "https://files.pythonhosted.org/packages/96/d3/f04c7bfcf5c1862a2a5b845c6b2b360488cf47af55dfa79c98f6a6bf98b5/click-8.1.7.tar.gz", hash = "sha256:ca9853ad459e787e2192211578cc907e7594e294c7ccc834310722b41b9ca6de", size = 336121 }
wheels = [
    { url = "https://files.pythonhosted.org/packages/00/2e/d53fa4befbf2cfa713304affc7ca780ce4fc1fd8710527771b58311a3229/click-8.1.7-py3-none-any.whl", hash = "sha256:ae74fb96c20a0277a1d615f1e4d73c8414f5a98db8b799a7931d1582f3390c28", size = 97941 },
]

[[package]]
name = "click-didyoumean"
version = "0.3.1"
source = { registry = "https://pypi.org/simple" }
dependencies = [
    { name = "click" },
]
sdist = { url = "https://files.pythonhosted.org/packages/30/ce/217289b77c590ea1e7c24242d9ddd6e249e52c795ff10fac2c50062c48cb/click_didyoumean-0.3.1.tar.gz", hash = "sha256:4f82fdff0dbe64ef8ab2279bd6aa3f6a99c3b28c05aa09cbfc07c9d7fbb5a463", size = 3089 }
wheels = [
    { url = "https://files.pythonhosted.org/packages/1b/5b/974430b5ffdb7a4f1941d13d83c64a0395114503cc357c6b9ae4ce5047ed/click_didyoumean-0.3.1-py3-none-any.whl", hash = "sha256:5c4bb6007cfea5f2fd6583a2fb6701a22a41eb98957e63d0fac41c10e7c3117c", size = 3631 },
]

[[package]]
name = "click-plugins"
version = "1.1.1"
source = { registry = "https://pypi.org/simple" }
dependencies = [
    { name = "click" },
]
sdist = { url = "https://files.pythonhosted.org/packages/5f/1d/45434f64ed749540af821fd7e42b8e4d23ac04b1eda7c26613288d6cd8a8/click-plugins-1.1.1.tar.gz", hash = "sha256:46ab999744a9d831159c3411bb0c79346d94a444df9a3a3742e9ed63645f264b", size = 8164 }
wheels = [
    { url = "https://files.pythonhosted.org/packages/e9/da/824b92d9942f4e472702488857914bdd50f73021efea15b4cad9aca8ecef/click_plugins-1.1.1-py2.py3-none-any.whl", hash = "sha256:5d262006d3222f5057fd81e1623d4443e41dcda5dc815c06b442aa3c02889fc8", size = 7497 },
]

[[package]]
name = "click-repl"
version = "0.3.0"
source = { registry = "https://pypi.org/simple" }
dependencies = [
    { name = "click" },
    { name = "prompt-toolkit" },
]
sdist = { url = "https://files.pythonhosted.org/packages/cb/a2/57f4ac79838cfae6912f997b4d1a64a858fb0c86d7fcaae6f7b58d267fca/click-repl-0.3.0.tar.gz", hash = "sha256:17849c23dba3d667247dc4defe1757fff98694e90fe37474f3feebb69ced26a9", size = 10449 }
wheels = [
    { url = "https://files.pythonhosted.org/packages/52/40/9d857001228658f0d59e97ebd4c346fe73e138c6de1bce61dc568a57c7f8/click_repl-0.3.0-py3-none-any.whl", hash = "sha256:fb7e06deb8da8de86180a33a9da97ac316751c094c6899382da7feeeeb51b812", size = 10289 },
]

[[package]]
name = "colorama"
version = "0.4.6"
source = { registry = "https://pypi.org/simple" }
sdist = { url = "https://files.pythonhosted.org/packages/d8/53/6f443c9a4a8358a93a6792e2acffb9d9d5cb0a5cfd8802644b7b1c9a02e4/colorama-0.4.6.tar.gz", hash = "sha256:08695f5cb7ed6e0531a20572697297273c47b8cae5a63ffc6d6ed5c201be6e44", size = 27697 }
wheels = [
    { url = "https://files.pythonhosted.org/packages/d1/d6/3965ed04c63042e047cb6a3e6ed1a63a35087b6a609aa3a15ed8ac56c221/colorama-0.4.6-py2.py3-none-any.whl", hash = "sha256:4f1d9991f5acc0ca119f9d443620b77f9d6b33703e51011c16baf57afb285fc6", size = 25335 },
]

[[package]]
name = "django"
version = "4.2.16"
source = { registry = "https://pypi.org/simple" }
dependencies = [
    { name = "asgiref" },
    { name = "sqlparse" },
    { name = "tzdata", marker = "sys_platform == 'win32'" },
]
sdist = { url = "https://files.pythonhosted.org/packages/65/d8/a607ee443b54a4db4ad28902328b906ae6218aa556fb9b3ac45c0bcb313d/Django-4.2.16.tar.gz", hash = "sha256:6f1616c2786c408ce86ab7e10f792b8f15742f7b7b7460243929cb371e7f1dad", size = 10436023 }
wheels = [
    { url = "https://files.pythonhosted.org/packages/94/2c/6b6c7e493d5ea789416918658ebfa16be7a64c77610307497ed09a93c8c4/Django-4.2.16-py3-none-any.whl", hash = "sha256:1ddc333a16fc139fd253035a1606bb24261951bbc3a6ca256717fa06cc41a898", size = 7992936 },
]

[[package]]
name = "django-appconf"
version = "1.0.6"
source = { registry = "https://pypi.org/simple" }
dependencies = [
    { name = "django" },
]
sdist = { url = "https://files.pythonhosted.org/packages/65/e0/704b6453f21fac22f0ab128150e9782b7d38bc1ed09710ac2197ddc1751f/django-appconf-1.0.6.tar.gz", hash = "sha256:cfe87ea827c4ee04b9a70fab90b86d704cb02f2981f89da8423cb0fabf88efbf", size = 15895 }
wheels = [
    { url = "https://files.pythonhosted.org/packages/c0/98/1cb3d9e8b1c6d0a74539b998474796fc5c0c0888b6201e5c95ba2f7a0677/django_appconf-1.0.6-py3-none-any.whl", hash = "sha256:c3ae442fba1ff7ec830412c5184b17169a7a1e71cf0864a4c3f93cf4c98a1993", size = 6424 },
]

[[package]]
name = "django-celery-email"
version = "3.0.0"
source = { registry = "https://pypi.org/simple" }
dependencies = [
    { name = "celery" },
    { name = "django" },
    { name = "django-appconf" },
]
sdist = { url = "https://files.pythonhosted.org/packages/48/78/95c9959978c1b8abd587735cf084065b0ac8196580f6f30b2c9e9636401a/django-celery-email-3.0.0.tar.gz", hash = "sha256:5546cbba80952cc3b8a0ffa4206ce90a4a996a7ffd1c385a2bdb65903ca18ece", size = 12644 }
wheels = [
    { url = "https://files.pythonhosted.org/packages/87/2f/0120d868a2c2919afaed34c73c9c4f8c9208262668fa0218f330cfda3e18/django_celery_email-3.0.0-py2.py3-none-any.whl", hash = "sha256:0f72da39cb2ea83c69440566e87f27cd72f68f247f98ce99fb29889fcf329406", size = 9450 },
]

[[package]]
name = "django-redis"
version = "5.4.0"
source = { registry = "https://pypi.org/simple" }
dependencies = [
    { name = "django" },
    { name = "redis" },
]
sdist = { url = "https://files.pythonhosted.org/packages/83/9d/2272742fdd9d0a9f0b28cd995b0539430c9467a2192e4de2cea9ea6ad38c/django-redis-5.4.0.tar.gz", hash = "sha256:6a02abaa34b0fea8bf9b707d2c363ab6adc7409950b2db93602e6cb292818c42", size = 52567 }
wheels = [
    { url = "https://files.pythonhosted.org/packages/b7/f1/63caad7c9222c26a62082f4f777de26389233b7574629996098bf6d25a4d/django_redis-5.4.0-py3-none-any.whl", hash = "sha256:ebc88df7da810732e2af9987f7f426c96204bf89319df4c6da6ca9a2942edd5b", size = 31119 },
]

[[package]]
name = "django-sozluk"
version = "1.6.1"
source = { virtual = "." }
dependencies = [
    { name = "celery" },
    { name = "django" },
    { name = "django-celery-email" },
    { name = "django-redis" },
    { name = "django-uuslug" },
    { name = "django-widget-tweaks" },
    { name = "graphene-django" },
    { name = "gunicorn" },
    { name = "pillow" },
    { name = "psycopg", extra = ["c"] },
    { name = "python-dateutil" },
    { name = "user-agents" },
]

[package.metadata]
requires-dist = [
    { name = "celery", specifier = "~=5.4" },
    { name = "django", specifier = "~=4.2" },
    { name = "django-celery-email", specifier = "~=3.0" },
    { name = "django-redis", specifier = "~=5.4" },
    { name = "django-uuslug", specifier = "~=2.0" },
    { name = "django-widget-tweaks", specifier = "~=1.5" },
    { name = "graphene-django", specifier = "~=3.2" },
    { name = "gunicorn", specifier = "~=23.0" },
    { name = "pillow", specifier = "~=10.4" },
    { name = "psycopg", extras = ["c"], specifier = "~=3.2" },
    { name = "python-dateutil", specifier = "~=2.9" },
    { name = "user-agents", specifier = "~=2.2" },
]

[[package]]
name = "django-uuslug"
version = "2.0.0"
source = { registry = "https://pypi.org/simple" }
dependencies = [
    { name = "python-slugify" },
]
sdist = { url = "https://files.pythonhosted.org/packages/20/7d/2be294809b7236a067f11947e7d4a3cf897ea65153fe95be3102d80894e6/django-uuslug-2.0.0.tar.gz", hash = "sha256:047e713eeddecf11a674d4cd27ac72407f85ef13196856ba8dfeb4d691d521d4", size = 7495 }
wheels = [
    { url = "https://files.pythonhosted.org/packages/5d/88/b411624363323c602a01b5c1fec94ce2b051498e93c566521debbaf15998/django_uuslug-2.0.0-py2.py3-none-any.whl", hash = "sha256:5029077e9682db81a9f847cec9dc33c07f2e455e31f98931869e6220ca65a3e9", size = 6413 },
]

[[package]]
name = "django-widget-tweaks"
version = "1.5.0"
source = { registry = "https://pypi.org/simple" }
sdist = { url = "https://files.pythonhosted.org/packages/a5/fe/26eb92fba83844e71bbec0ced7fc2e843e5990020e3cc676925204031654/django-widget-tweaks-1.5.0.tar.gz", hash = "sha256:1c2180681ebb994e922c754804c7ffebbe1245014777ac47897a81f57cc629c7", size = 14767 }
wheels = [
    { url = "https://files.pythonhosted.org/packages/46/6a/6cb6deb5c38b785c77c3ba66f53051eada49205979c407323eb666930915/django_widget_tweaks-1.5.0-py3-none-any.whl", hash = "sha256:a41b7b2f05bd44d673d11ebd6c09a96f1d013ee98121cb98c384fe84e33b881e", size = 8960 },
]

[[package]]
name = "graphene"
version = "3.3"
source = { registry = "https://pypi.org/simple" }
dependencies = [
    { name = "aniso8601" },
    { name = "graphql-core" },
    { name = "graphql-relay" },
]
sdist = { url = "https://files.pythonhosted.org/packages/82/75/02875858c7c09fc156840181cdee27b23408fac75720a2e1e9128f3d48a5/graphene-3.3.tar.gz", hash = "sha256:529bf40c2a698954217d3713c6041d69d3f719ad0080857d7ee31327112446b0", size = 57893 }
wheels = [
    { url = "https://files.pythonhosted.org/packages/24/70/96f6027cdfc9bb89fc07627b615cb43fb1c443c93498412beaeaf157e9f1/graphene-3.3-py2.py3-none-any.whl", hash = "sha256:bb3810be33b54cb3e6969506671eb72319e8d7ba0d5ca9c8066472f75bf35a38", size = 128227 },
]

[[package]]
name = "graphene-django"
version = "3.2.2"
source = { registry = "https://pypi.org/simple" }
dependencies = [
    { name = "django" },
    { name = "graphene" },
    { name = "graphql-core" },
    { name = "graphql-relay" },
    { name = "promise" },
    { name = "text-unidecode" },
]
sdist = { url = "https://files.pythonhosted.org/packages/09/f1/4eb1c0ae79814aba03e2347f664cb0bef72816fbe99d4399378bb22bef47/graphene-django-3.2.2.tar.gz", hash = "sha256:059ccf25d9a5159f28d7ebf1a648c993ab34deb064e80b70ca096aa22a609556", size = 87591 }
wheels = [
    { url = "https://files.pythonhosted.org/packages/da/71/6800d05144ee4fb57f471571dd80fc9c6b2196e6243d39ed3d3654082824/graphene_django-3.2.2-py2.py3-none-any.whl", hash = "sha256:0fd95c8c1cbe77ae2a5940045ce276803c3acbf200a156731e0c730f2776ae2c", size = 114204 },
]

[[package]]
name = "graphql-core"
version = "3.2.4"
source = { registry = "https://pypi.org/simple" }
sdist = { url = "https://files.pythonhosted.org/packages/66/9e/aa527fb09a9d7399d5d7d2aa2da490e4580707652d3b4fc156996ae88a5b/graphql-core-3.2.4.tar.gz", hash = "sha256:acbe2e800980d0e39b4685dd058c2f4042660b89ebca38af83020fd872ff1264", size = 504611 }
wheels = [
    { url = "https://files.pythonhosted.org/packages/d1/33/cc72c4c658c6316f188a60bc4e5a91cd4ceaaa8c3e7e691ac9297e4e72c7/graphql_core-3.2.4-py3-none-any.whl", hash = "sha256:1604f2042edc5f3114f49cac9d77e25863be51b23a54a61a23245cf32f6476f0", size = 203179 },
]

[[package]]
name = "graphql-relay"
version = "3.2.0"
source = { registry = "https://pypi.org/simple" }
dependencies = [
    { name = "graphql-core" },
]
sdist = { url = "https://files.pythonhosted.org/packages/d1/13/98fbf8d67552f102488ffc16c6f559ce71ea15f6294728d33928ab5ff14d/graphql-relay-3.2.0.tar.gz", hash = "sha256:1ff1c51298356e481a0be009ccdff249832ce53f30559c1338f22a0e0d17250c", size = 50027 }
wheels = [
    { url = "https://files.pythonhosted.org/packages/74/16/a4cf06adbc711bd364a73ce043b0b08d8fa5aae3df11b6ee4248bcdad2e0/graphql_relay-3.2.0-py3-none-any.whl", hash = "sha256:c9b22bd28b170ba1fe674c74384a8ff30a76c8e26f88ac3aa1584dd3179953e5", size = 16940 },
]

[[package]]
name = "gunicorn"
version = "23.0.0"
source = { registry = "https://pypi.org/simple" }
dependencies = [
    { name = "packaging" },
]
sdist = { url = "https://files.pythonhosted.org/packages/34/72/9614c465dc206155d93eff0ca20d42e1e35afc533971379482de953521a4/gunicorn-23.0.0.tar.gz", hash = "sha256:f014447a0101dc57e294f6c18ca6b40227a4c90e9bdb586042628030cba004ec", size = 375031 }
wheels = [
    { url = "https://files.pythonhosted.org/packages/cb/7d/6dac2a6e1eba33ee43f318edbed4ff29151a49b5d37f080aad1e6469bca4/gunicorn-23.0.0-py3-none-any.whl", hash = "sha256:ec400d38950de4dfd418cff8328b2c8faed0edb0d517d3394e457c317908ca4d", size = 85029 },
]

[[package]]
name = "kombu"
version = "5.4.2"
source = { registry = "https://pypi.org/simple" }
dependencies = [
    { name = "amqp" },
    { name = "tzdata" },
    { name = "vine" },
]
sdist = { url = "https://files.pythonhosted.org/packages/38/4d/b93fcb353d279839cc35d0012bee805ed0cf61c07587916bfc35dbfddaf1/kombu-5.4.2.tar.gz", hash = "sha256:eef572dd2fd9fc614b37580e3caeafdd5af46c1eff31e7fba89138cdb406f2cf", size = 442858 }
wheels = [
    { url = "https://files.pythonhosted.org/packages/87/ec/7811a3cf9fdfee3ee88e54d08fcbc3fabe7c1b6e4059826c59d7b795651c/kombu-5.4.2-py3-none-any.whl", hash = "sha256:14212f5ccf022fc0a70453bb025a1dcc32782a588c49ea866884047d66e14763", size = 201349 },
]

[[package]]
name = "packaging"
version = "24.1"
source = { registry = "https://pypi.org/simple" }
sdist = { url = "https://files.pythonhosted.org/packages/51/65/50db4dda066951078f0a96cf12f4b9ada6e4b811516bf0262c0f4f7064d4/packaging-24.1.tar.gz", hash = "sha256:026ed72c8ed3fcce5bf8950572258698927fd1dbda10a5e981cdf0ac37f4f002", size = 148788 }
wheels = [
    { url = "https://files.pythonhosted.org/packages/08/aa/cc0199a5f0ad350994d660967a8efb233fe0416e4639146c089643407ce6/packaging-24.1-py3-none-any.whl", hash = "sha256:5b8f2217dbdbd2f7f384c41c628544e6d52f2d0f53c6d0c3ea61aa5d1d7ff124", size = 53985 },
]

[[package]]
name = "pillow"
version = "10.4.0"
source = { registry = "https://pypi.org/simple" }
sdist = { url = "https://files.pythonhosted.org/packages/cd/74/ad3d526f3bf7b6d3f408b73fde271ec69dfac8b81341a318ce825f2b3812/pillow-10.4.0.tar.gz", hash = "sha256:166c1cd4d24309b30d61f79f4a9114b7b2313d7450912277855ff5dfd7cd4a06", size = 46555059 }
wheels = [
    { url = "https://files.pythonhosted.org/packages/05/cb/0353013dc30c02a8be34eb91d25e4e4cf594b59e5a55ea1128fde1e5f8ea/pillow-10.4.0-cp312-cp312-macosx_10_10_x86_64.whl", hash = "sha256:673655af3eadf4df6b5457033f086e90299fdd7a47983a13827acf7459c15d94", size = 3509350 },
    { url = "https://files.pythonhosted.org/packages/e7/cf/5c558a0f247e0bf9cec92bff9b46ae6474dd736f6d906315e60e4075f737/pillow-10.4.0-cp312-cp312-macosx_11_0_arm64.whl", hash = "sha256:866b6942a92f56300012f5fbac71f2d610312ee65e22f1aa2609e491284e5597", size = 3374980 },
    { url = "https://files.pythonhosted.org/packages/84/48/6e394b86369a4eb68b8a1382c78dc092245af517385c086c5094e3b34428/pillow-10.4.0-cp312-cp312-manylinux_2_17_aarch64.manylinux2014_aarch64.whl", hash = "sha256:29dbdc4207642ea6aad70fbde1a9338753d33fb23ed6956e706936706f52dd80", size = 4343799 },
    { url = "https://files.pythonhosted.org/packages/3b/f3/a8c6c11fa84b59b9df0cd5694492da8c039a24cd159f0f6918690105c3be/pillow-10.4.0-cp312-cp312-manylinux_2_17_x86_64.manylinux2014_x86_64.whl", hash = "sha256:bf2342ac639c4cf38799a44950bbc2dfcb685f052b9e262f446482afaf4bffca", size = 4459973 },
    { url = "https://files.pythonhosted.org/packages/7d/1b/c14b4197b80150fb64453585247e6fb2e1d93761fa0fa9cf63b102fde822/pillow-10.4.0-cp312-cp312-manylinux_2_28_aarch64.whl", hash = "sha256:f5b92f4d70791b4a67157321c4e8225d60b119c5cc9aee8ecf153aace4aad4ef", size = 4370054 },
    { url = "https://files.pythonhosted.org/packages/55/77/40daddf677897a923d5d33329acd52a2144d54a9644f2a5422c028c6bf2d/pillow-10.4.0-cp312-cp312-manylinux_2_28_x86_64.whl", hash = "sha256:86dcb5a1eb778d8b25659d5e4341269e8590ad6b4e8b44d9f4b07f8d136c414a", size = 4539484 },
    { url = "https://files.pythonhosted.org/packages/40/54/90de3e4256b1207300fb2b1d7168dd912a2fb4b2401e439ba23c2b2cabde/pillow-10.4.0-cp312-cp312-musllinux_1_2_aarch64.whl", hash = "sha256:780c072c2e11c9b2c7ca37f9a2ee8ba66f44367ac3e5c7832afcfe5104fd6d1b", size = 4477375 },
    { url = "https://files.pythonhosted.org/packages/13/24/1bfba52f44193860918ff7c93d03d95e3f8748ca1de3ceaf11157a14cf16/pillow-10.4.0-cp312-cp312-musllinux_1_2_x86_64.whl", hash = "sha256:37fb69d905be665f68f28a8bba3c6d3223c8efe1edf14cc4cfa06c241f8c81d9", size = 4608773 },
    { url = "https://files.pythonhosted.org/packages/55/04/5e6de6e6120451ec0c24516c41dbaf80cce1b6451f96561235ef2429da2e/pillow-10.4.0-cp312-cp312-win32.whl", hash = "sha256:7dfecdbad5c301d7b5bde160150b4db4c659cee2b69589705b6f8a0c509d9f42", size = 2235690 },
    { url = "https://files.pythonhosted.org/packages/74/0a/d4ce3c44bca8635bd29a2eab5aa181b654a734a29b263ca8efe013beea98/pillow-10.4.0-cp312-cp312-win_amd64.whl", hash = "sha256:1d846aea995ad352d4bdcc847535bd56e0fd88d36829d2c90be880ef1ee4668a", size = 2554951 },
    { url = "https://files.pythonhosted.org/packages/b5/ca/184349ee40f2e92439be9b3502ae6cfc43ac4b50bc4fc6b3de7957563894/pillow-10.4.0-cp312-cp312-win_arm64.whl", hash = "sha256:e553cad5179a66ba15bb18b353a19020e73a7921296a7979c4a2b7f6a5cd57f9", size = 2243427 },
    { url = "https://files.pythonhosted.org/packages/c3/00/706cebe7c2c12a6318aabe5d354836f54adff7156fd9e1bd6c89f4ba0e98/pillow-10.4.0-cp313-cp313-macosx_10_13_x86_64.whl", hash = "sha256:8bc1a764ed8c957a2e9cacf97c8b2b053b70307cf2996aafd70e91a082e70df3", size = 3525685 },
    { url = "https://files.pythonhosted.org/packages/cf/76/f658cbfa49405e5ecbfb9ba42d07074ad9792031267e782d409fd8fe7c69/pillow-10.4.0-cp313-cp313-macosx_11_0_arm64.whl", hash = "sha256:6209bb41dc692ddfee4942517c19ee81b86c864b626dbfca272ec0f7cff5d9fb", size = 3374883 },
    { url = "https://files.pythonhosted.org/packages/46/2b/99c28c4379a85e65378211971c0b430d9c7234b1ec4d59b2668f6299e011/pillow-10.4.0-cp313-cp313-manylinux_2_17_aarch64.manylinux2014_aarch64.whl", hash = "sha256:bee197b30783295d2eb680b311af15a20a8b24024a19c3a26431ff83eb8d1f70", size = 4339837 },
    { url = "https://files.pythonhosted.org/packages/f1/74/b1ec314f624c0c43711fdf0d8076f82d9d802afd58f1d62c2a86878e8615/pillow-10.4.0-cp313-cp313-manylinux_2_17_x86_64.manylinux2014_x86_64.whl", hash = "sha256:1ef61f5dd14c300786318482456481463b9d6b91ebe5ef12f405afbba77ed0be", size = 4455562 },
    { url = "https://files.pythonhosted.org/packages/4a/2a/4b04157cb7b9c74372fa867096a1607e6fedad93a44deeff553ccd307868/pillow-10.4.0-cp313-cp313-manylinux_2_28_aarch64.whl", hash = "sha256:297e388da6e248c98bc4a02e018966af0c5f92dfacf5a5ca22fa01cb3179bca0", size = 4366761 },
    { url = "https://files.pythonhosted.org/packages/ac/7b/8f1d815c1a6a268fe90481232c98dd0e5fa8c75e341a75f060037bd5ceae/pillow-10.4.0-cp313-cp313-manylinux_2_28_x86_64.whl", hash = "sha256:e4db64794ccdf6cb83a59d73405f63adbe2a1887012e308828596100a0b2f6cc", size = 4536767 },
    { url = "https://files.pythonhosted.org/packages/e5/77/05fa64d1f45d12c22c314e7b97398ffb28ef2813a485465017b7978b3ce7/pillow-10.4.0-cp313-cp313-musllinux_1_2_aarch64.whl", hash = "sha256:bd2880a07482090a3bcb01f4265f1936a903d70bc740bfcb1fd4e8a2ffe5cf5a", size = 4477989 },
    { url = "https://files.pythonhosted.org/packages/12/63/b0397cfc2caae05c3fb2f4ed1b4fc4fc878f0243510a7a6034ca59726494/pillow-10.4.0-cp313-cp313-musllinux_1_2_x86_64.whl", hash = "sha256:4b35b21b819ac1dbd1233317adeecd63495f6babf21b7b2512d244ff6c6ce309", size = 4610255 },
    { url = "https://files.pythonhosted.org/packages/7b/f9/cfaa5082ca9bc4a6de66ffe1c12c2d90bf09c309a5f52b27759a596900e7/pillow-10.4.0-cp313-cp313-win32.whl", hash = "sha256:551d3fd6e9dc15e4c1eb6fc4ba2b39c0c7933fa113b220057a34f4bb3268a060", size = 2235603 },
    { url = "https://files.pythonhosted.org/packages/01/6a/30ff0eef6e0c0e71e55ded56a38d4859bf9d3634a94a88743897b5f96936/pillow-10.4.0-cp313-cp313-win_amd64.whl", hash = "sha256:030abdbe43ee02e0de642aee345efa443740aa4d828bfe8e2eb11922ea6a21ea", size = 2554972 },
    { url = "https://files.pythonhosted.org/packages/48/2c/2e0a52890f269435eee38b21c8218e102c621fe8d8df8b9dd06fabf879ba/pillow-10.4.0-cp313-cp313-win_arm64.whl", hash = "sha256:5b001114dd152cfd6b23befeb28d7aee43553e2402c9f159807bf55f33af8a8d", size = 2243375 },
]

[[package]]
name = "promise"
version = "2.3"
source = { registry = "https://pypi.org/simple" }
dependencies = [
    { name = "six" },
]
sdist = { url = "https://files.pythonhosted.org/packages/cf/9c/fb5d48abfe5d791cd496e4242ebcf87a4bb2e0c3dcd6e0ae68c11426a528/promise-2.3.tar.gz", hash = "sha256:dfd18337c523ba4b6a58801c164c1904a9d4d1b1747c7d5dbf45b693a49d93d0", size = 19534 }

[[package]]
name = "prompt-toolkit"
version = "3.0.48"
source = { registry = "https://pypi.org/simple" }
dependencies = [
    { name = "wcwidth" },
]
sdist = { url = "https://files.pythonhosted.org/packages/2d/4f/feb5e137aff82f7c7f3248267b97451da3644f6cdc218edfe549fb354127/prompt_toolkit-3.0.48.tar.gz", hash = "sha256:d6623ab0477a80df74e646bdbc93621143f5caf104206aa29294d53de1a03d90", size = 424684 }
wheels = [
    { url = "https://files.pythonhosted.org/packages/a9/6a/fd08d94654f7e67c52ca30523a178b3f8ccc4237fce4be90d39c938a831a/prompt_toolkit-3.0.48-py3-none-any.whl", hash = "sha256:f49a827f90062e411f1ce1f854f2aedb3c23353244f8108b89283587397ac10e", size = 386595 },
]

[[package]]
name = "psycopg"
version = "3.2.3"
source = { registry = "https://pypi.org/simple" }
dependencies = [
    { name = "typing-extensions" },
    { name = "tzdata", marker = "sys_platform == 'win32'" },
]
sdist = { url = "https://files.pythonhosted.org/packages/d1/ad/7ce016ae63e231575df0498d2395d15f005f05e32d3a2d439038e1bd0851/psycopg-3.2.3.tar.gz", hash = "sha256:a5764f67c27bec8bfac85764d23c534af2c27b893550377e37ce59c12aac47a2", size = 155550 }
wheels = [
    { url = "https://files.pythonhosted.org/packages/ce/21/534b8f5bd9734b7a2fcd3a16b1ee82ef6cad81a4796e95ebf4e0c6a24119/psycopg-3.2.3-py3-none-any.whl", hash = "sha256:644d3973fe26908c73d4be746074f6e5224b03c1101d302d9a53bf565ad64907", size = 197934 },
]

[package.optional-dependencies]
c = [
    { name = "psycopg-c", marker = "implementation_name != 'pypy'" },
]

[[package]]
name = "psycopg-c"
version = "3.2.3"
source = { registry = "https://pypi.org/simple" }
sdist = { url = "https://files.pythonhosted.org/packages/53/ba/74caf4eab78d95a173e65cb81507a589365aeafb1d9c84f374002b51dc53/psycopg_c-3.2.3.tar.gz", hash = "sha256:06ae7db8eaec1a3845960fa7f997f4ccdb1a7a7ab8dc593a680bcc74e1359671", size = 598888 }

[[package]]
name = "python-dateutil"
version = "2.9.0.post0"
source = { registry = "https://pypi.org/simple" }
dependencies = [
    { name = "six" },
]
sdist = { url = "https://files.pythonhosted.org/packages/66/c0/0c8b6ad9f17a802ee498c46e004a0eb49bc148f2fd230864601a86dcf6db/python-dateutil-2.9.0.post0.tar.gz", hash = "sha256:37dd54208da7e1cd875388217d5e00ebd4179249f90fb72437e91a35459a0ad3", size = 342432 }
wheels = [
    { url = "https://files.pythonhosted.org/packages/ec/57/56b9bcc3c9c6a792fcbaf139543cee77261f3651ca9da0c93f5c1221264b/python_dateutil-2.9.0.post0-py2.py3-none-any.whl", hash = "sha256:a8b2bc7bffae282281c8140a97d3aa9c14da0b136dfe83f850eea9a5f7470427", size = 229892 },
]

[[package]]
name = "python-slugify"
version = "8.0.4"
source = { registry = "https://pypi.org/simple" }
dependencies = [
    { name = "text-unidecode" },
]
sdist = { url = "https://files.pythonhosted.org/packages/87/c7/5e1547c44e31da50a460df93af11a535ace568ef89d7a811069ead340c4a/python-slugify-8.0.4.tar.gz", hash = "sha256:59202371d1d05b54a9e7720c5e038f928f45daaffe41dd10822f3907b937c856", size = 10921 }
wheels = [
    { url = "https://files.pythonhosted.org/packages/a4/62/02da182e544a51a5c3ccf4b03ab79df279f9c60c5e82d5e8bec7ca26ac11/python_slugify-8.0.4-py2.py3-none-any.whl", hash = "sha256:276540b79961052b66b7d116620b36518847f52d5fd9e3a70164fc8c50faa6b8", size = 10051 },
]

[[package]]
name = "redis"
version = "5.1.1"
source = { registry = "https://pypi.org/simple" }
sdist = { url = "https://files.pythonhosted.org/packages/e0/58/dcf97c3c09d429c3bb830d6075322256da3dba42df25359bd1c82b442d20/redis-5.1.1.tar.gz", hash = "sha256:f6c997521fedbae53387307c5d0bf784d9acc28d9f1d058abeac566ec4dbed72", size = 4607302 }
wheels = [
    { url = "https://files.pythonhosted.org/packages/15/f1/feeeaaaac0f589bcbc12c02da357cf635ee383c9128b77230a1e99118885/redis-5.1.1-py3-none-any.whl", hash = "sha256:f8ea06b7482a668c6475ae202ed8d9bcaa409f6e87fb77ed1043d912afd62e24", size = 261283 },
]

[[package]]
name = "six"
version = "1.16.0"
source = { registry = "https://pypi.org/simple" }
sdist = { url = "https://files.pythonhosted.org/packages/71/39/171f1c67cd00715f190ba0b100d606d440a28c93c7714febeca8b79af85e/six-1.16.0.tar.gz", hash = "sha256:1e61c37477a1626458e36f7b1d82aa5c9b094fa4802892072e49de9c60c4c926", size = 34041 }
wheels = [
    { url = "https://files.pythonhosted.org/packages/d9/5a/e7c31adbe875f2abbb91bd84cf2dc52d792b5a01506781dbcf25c91daf11/six-1.16.0-py2.py3-none-any.whl", hash = "sha256:8abb2f1d86890a2dfb989f9a77cfcfd3e47c2a354b01111771326f8aa26e0254", size = 11053 },
]

[[package]]
name = "sqlparse"
version = "0.5.1"
source = { registry = "https://pypi.org/simple" }
sdist = { url = "https://files.pythonhosted.org/packages/73/82/dfa23ec2cbed08a801deab02fe7c904bfb00765256b155941d789a338c68/sqlparse-0.5.1.tar.gz", hash = "sha256:bb6b4df465655ef332548e24f08e205afc81b9ab86cb1c45657a7ff173a3a00e", size = 84502 }
wheels = [
    { url = "https://files.pythonhosted.org/packages/5d/a5/b2860373aa8de1e626b2bdfdd6df4355f0565b47e51f7d0c54fe70faf8fe/sqlparse-0.5.1-py3-none-any.whl", hash = "sha256:773dcbf9a5ab44a090f3441e2180efe2560220203dc2f8c0b0fa141e18b505e4", size = 44156 },
]

[[package]]
name = "text-unidecode"
version = "1.3"
source = { registry = "https://pypi.org/simple" }
sdist = { url = "https://files.pythonhosted.org/packages/ab/e2/e9a00f0ccb71718418230718b3d900e71a5d16e701a3dae079a21e9cd8f8/text-unidecode-1.3.tar.gz", hash = "sha256:bad6603bb14d279193107714b288be206cac565dfa49aa5b105294dd5c4aab93", size = 76885 }
wheels = [
    { url = "https://files.pythonhosted.org/packages/a6/a5/c0b6468d3824fe3fde30dbb5e1f687b291608f9473681bbf7dabbf5a87d7/text_unidecode-1.3-py2.py3-none-any.whl", hash = "sha256:1311f10e8b895935241623731c2ba64f4c455287888b18189350b67134a822e8", size = 78154 },
]

[[package]]
name = "typing-extensions"
version = "4.12.2"
source = { registry = "https://pypi.org/simple" }
sdist = { url = "https://files.pythonhosted.org/packages/df/db/f35a00659bc03fec321ba8bce9420de607a1d37f8342eee1863174c69557/typing_extensions-4.12.2.tar.gz", hash = "sha256:1a7ead55c7e559dd4dee8856e3a88b41225abfe1ce8df57b7c13915fe121ffb8", size = 85321 }
wheels = [
    { url = "https://files.pythonhosted.org/packages/26/9f/ad63fc0248c5379346306f8668cda6e2e2e9c95e01216d2b8ffd9ff037d0/typing_extensions-4.12.2-py3-none-any.whl", hash = "sha256:04e5ca0351e0f3f85c6853954072df659d0d13fac324d0072316b67d7794700d", size = 37438 },
]

[[package]]
name = "tzdata"
version = "2024.2"
source = { registry = "https://pypi.org/simple" }
sdist = { url = "https://files.pythonhosted.org/packages/e1/34/943888654477a574a86a98e9896bae89c7aa15078ec29f490fef2f1e5384/tzdata-2024.2.tar.gz", hash = "sha256:7d85cc416e9382e69095b7bdf4afd9e3880418a2413feec7069d533d6b4e31cc", size = 193282 }
wheels = [
    { url = "https://files.pythonhosted.org/packages/a6/ab/7e5f53c3b9d14972843a647d8d7a853969a58aecc7559cb3267302c94774/tzdata-2024.2-py2.py3-none-any.whl", hash = "sha256:a48093786cdcde33cad18c2555e8532f34422074448fbc874186f0abd79565cd", size = 346586 },
]

[[package]]
name = "ua-parser"
version = "0.18.0"
source = { registry = "https://pypi.org/simple" }
sdist = { url = "https://files.pythonhosted.org/packages/72/c3/5e715a16a9f8117a9ed92f5112911e07d40cfdf0f81cd4139f0c6307c57c/ua-parser-0.18.0.tar.gz", hash = "sha256:db51f1b59bfaa82ed9e2a1d99a54d3e4153dddf99ac1435d51828165422e624e", size = 40659 }
wheels = [
    { url = "https://files.pythonhosted.org/packages/db/d5/3cf1bdc3401dda1c45894deac836aaab571c26858f83e1b6d6a7c249d444/ua_parser-0.18.0-py2.py3-none-any.whl", hash = "sha256:9d94ac3a80bcb0166823956a779186c746b50ea4c9fd9bf30fdb758553c38950", size = 38314 },
]

[[package]]
name = "user-agents"
version = "2.2.0"
source = { registry = "https://pypi.org/simple" }
dependencies = [
    { name = "ua-parser" },
]
sdist = { url = "https://files.pythonhosted.org/packages/e3/e1/63c5bfb485a945010c8cbc7a52f85573561737648d36b30394248730a7bc/user-agents-2.2.0.tar.gz", hash = "sha256:d36d25178db65308d1458c5fa4ab39c9b2619377010130329f3955e7626ead26", size = 9525 }
wheels = [
    { url = "https://files.pythonhosted.org/packages/8f/1c/20bb3d7b2bad56d881e3704131ddedbb16eb787101306887dff349064662/user_agents-2.2.0-py3-none-any.whl", hash = "sha256:a98c4dc72ecbc64812c4534108806fb0a0b3a11ec3fd1eafe807cee5b0a942e7", size = 9614 },
]

[[package]]
name = "vine"
version = "5.1.0"
source = { registry = "https://pypi.org/simple" }
sdist = { url = "https://files.pythonhosted.org/packages/bd/e4/d07b5f29d283596b9727dd5275ccbceb63c44a1a82aa9e4bfd20426762ac/vine-5.1.0.tar.gz", hash = "sha256:8b62e981d35c41049211cf62a0a1242d8c1ee9bd15bb196ce38aefd6799e61e0", size = 48980 }
wheels = [
    { url = "https://files.pythonhosted.org/packages/03/ff/7c0c86c43b3cbb927e0ccc0255cb4057ceba4799cd44ae95174ce8e8b5b2/vine-5.1.0-py3-none-any.whl", hash = "sha256:40fdf3c48b2cfe1c38a49e9ae2da6fda88e4794c810050a728bd7413811fb1dc", size = 9636 },
]

[[package]]
name = "wcwidth"
version = "0.2.13"
source = { registry = "https://pypi.org/simple" }
sdist = { url = "https://files.pythonhosted.org/packages/6c/63/53559446a878410fc5a5974feb13d31d78d752eb18aeba59c7fef1af7598/wcwidth-0.2.13.tar.gz", hash = "sha256:72ea0c06399eb286d978fdedb6923a9eb47e1c486ce63e9b4e64fc18303972b5", size = 101301 }
wheels = [
    { url = "https://files.pythonhosted.org/packages/fd/84/fd2ba7aafacbad3c4201d395674fc6348826569da3c0937e75505ead3528/wcwidth-0.2.13-py2.py3-none-any.whl", hash = "sha256:3da69048e4540d84af32131829ff948f1e022c1c6bdb8d6102117aac784f6859", size = 34166 },
]
